
Microsoft Visual Studio Solution File, Format Version 12.00
# Visual Studio 15
VisualStudioVersion = 15.0.28307.106
MinimumVisualStudioVersion = 10.0.40219.1
Project("{FAE04EC0-301F-11D3-BF4B-00C04F79EFBC}") = "Ex1", "Ex1\Ex1.csproj", "{B514CF20-A045-47DF-8808-E59E15264A47}"
EndProject
Global
	GlobalSection(SolutionConfigurationPlatforms) = preSolution
		Debug|Any CPU = Debug|Any CPU
		Release|Any CPU = Release|Any CPU
	EndGlobalSection
	GlobalSection(ProjectConfigurationPlatforms) = postSolution
		{B514CF20-A045-47DF-8808-E59E15264A47}.Debug|Any CPU.ActiveCfg = Debug|Any CPU
		{B514CF20-A045-47DF-8808-E59E15264A47}.Debug|Any CPU.Build.0 = Debug|Any CPU
		{B514CF20-A045-47DF-8808-E59E15264A47}.Release|Any CPU.ActiveCfg = Release|Any CPU
		{B514CF20-A045-47DF-8808-E59E15264A47}.Release|Any CPU.Build.0 = Release|Any CPU
	EndGlobalSection
	GlobalSection(SolutionProperties) = preSolution
		HideSolutionNode = FALSE
	EndGlobalSection
	GlobalSection(ExtensibilityGlobals) = postSolution
		SolutionGuid = {50D49A63-9699-41FA-956E-418B35C5BD3C}
	EndGlobalSection
EndGlobal
