
Microsoft Visual Studio Solution File, Format Version 12.00
# Visual Studio 15
VisualStudioVersion = 15.0.28307.106
MinimumVisualStudioVersion = 10.0.40219.1
Project("{FAE04EC0-301F-11D3-BF4B-00C04F79EFBC}") = "Ex2", "Ex2\Ex2.csproj", "{76DF4A62-1553-46E7-9F8E-875CC00AE4DB}"
EndProject
Global
	GlobalSection(SolutionConfigurationPlatforms) = preSolution
		Debug|Any CPU = Debug|Any CPU
		Release|Any CPU = Release|Any CPU
	EndGlobalSection
	GlobalSection(ProjectConfigurationPlatforms) = postSolution
		{76DF4A62-1553-46E7-9F8E-875CC00AE4DB}.Debug|Any CPU.ActiveCfg = Debug|Any CPU
		{76DF4A62-1553-46E7-9F8E-875CC00AE4DB}.Debug|Any CPU.Build.0 = Debug|Any CPU
		{76DF4A62-1553-46E7-9F8E-875CC00AE4DB}.Release|Any CPU.ActiveCfg = Release|Any CPU
		{76DF4A62-1553-46E7-9F8E-875CC00AE4DB}.Release|Any CPU.Build.0 = Release|Any CPU
	EndGlobalSection
	GlobalSection(SolutionProperties) = preSolution
		HideSolutionNode = FALSE
	EndGlobalSection
	GlobalSection(ExtensibilityGlobals) = postSolution
		SolutionGuid = {79E076A3-EBC6-489D-8E5B-189CA47830AD}
	EndGlobalSection
EndGlobal
