
Microsoft Visual Studio Solution File, Format Version 12.00
# Visual Studio 15
VisualStudioVersion = 15.0.28307.106
MinimumVisualStudioVersion = 10.0.40219.1
Project("{FAE04EC0-301F-11D3-BF4B-00C04F79EFBC}") = "Calculadora", "Calculadora\Calculadora.csproj", "{1086D83B-A687-4193-B0A7-06A27026EFF7}"
EndProject
Global
	GlobalSection(SolutionConfigurationPlatforms) = preSolution
		Debug|Any CPU = Debug|Any CPU
		Release|Any CPU = Release|Any CPU
	EndGlobalSection
	GlobalSection(ProjectConfigurationPlatforms) = postSolution
		{1086D83B-A687-4193-B0A7-06A27026EFF7}.Debug|Any CPU.ActiveCfg = Debug|Any CPU
		{1086D83B-A687-4193-B0A7-06A27026EFF7}.Debug|Any CPU.Build.0 = Debug|Any CPU
		{1086D83B-A687-4193-B0A7-06A27026EFF7}.Release|Any CPU.ActiveCfg = Release|Any CPU
		{1086D83B-A687-4193-B0A7-06A27026EFF7}.Release|Any CPU.Build.0 = Release|Any CPU
	EndGlobalSection
	GlobalSection(SolutionProperties) = preSolution
		HideSolutionNode = FALSE
	EndGlobalSection
	GlobalSection(ExtensibilityGlobals) = postSolution
		SolutionGuid = {F27D3796-D807-468F-8666-7844687E64F5}
	EndGlobalSection
EndGlobal
