
Microsoft Visual Studio Solution File, Format Version 12.00
# Visual Studio 15
VisualStudioVersion = 15.0.28307.106
MinimumVisualStudioVersion = 10.0.40219.1
Project("{FAE04EC0-301F-11D3-BF4B-00C04F79EFBC}") = "Ex6", "Ex6\Ex6.csproj", "{EDD8DE59-0781-4D3E-BA45-B4541F59209F}"
EndProject
Global
	GlobalSection(SolutionConfigurationPlatforms) = preSolution
		Debug|Any CPU = Debug|Any CPU
		Release|Any CPU = Release|Any CPU
	EndGlobalSection
	GlobalSection(ProjectConfigurationPlatforms) = postSolution
		{EDD8DE59-0781-4D3E-BA45-B4541F59209F}.Debug|Any CPU.ActiveCfg = Debug|Any CPU
		{EDD8DE59-0781-4D3E-BA45-B4541F59209F}.Debug|Any CPU.Build.0 = Debug|Any CPU
		{EDD8DE59-0781-4D3E-BA45-B4541F59209F}.Release|Any CPU.ActiveCfg = Release|Any CPU
		{EDD8DE59-0781-4D3E-BA45-B4541F59209F}.Release|Any CPU.Build.0 = Release|Any CPU
	EndGlobalSection
	GlobalSection(SolutionProperties) = preSolution
		HideSolutionNode = FALSE
	EndGlobalSection
	GlobalSection(ExtensibilityGlobals) = postSolution
		SolutionGuid = {97DBE080-1915-4807-9448-265AF3517976}
	EndGlobalSection
EndGlobal
