
Microsoft Visual Studio Solution File, Format Version 12.00
# Visual Studio 15
VisualStudioVersion = 15.0.28307.106
MinimumVisualStudioVersion = 10.0.40219.1
Project("{FAE04EC0-301F-11D3-BF4B-00C04F79EFBC}") = "CalculoMedia", "CalculoMedia\CalculoMedia.csproj", "{6395B906-1F1D-4619-AC9C-1759AC9D80A6}"
EndProject
Global
	GlobalSection(SolutionConfigurationPlatforms) = preSolution
		Debug|Any CPU = Debug|Any CPU
		Release|Any CPU = Release|Any CPU
	EndGlobalSection
	GlobalSection(ProjectConfigurationPlatforms) = postSolution
		{6395B906-1F1D-4619-AC9C-1759AC9D80A6}.Debug|Any CPU.ActiveCfg = Debug|Any CPU
		{6395B906-1F1D-4619-AC9C-1759AC9D80A6}.Debug|Any CPU.Build.0 = Debug|Any CPU
		{6395B906-1F1D-4619-AC9C-1759AC9D80A6}.Release|Any CPU.ActiveCfg = Release|Any CPU
		{6395B906-1F1D-4619-AC9C-1759AC9D80A6}.Release|Any CPU.Build.0 = Release|Any CPU
	EndGlobalSection
	GlobalSection(SolutionProperties) = preSolution
		HideSolutionNode = FALSE
	EndGlobalSection
	GlobalSection(ExtensibilityGlobals) = postSolution
		SolutionGuid = {4A1CCECA-1608-4ED8-A12C-3807E356C125}
	EndGlobalSection
EndGlobal
